
Microsoft Visual Studio Solution File, Format Version 12.00
# Visual Studio Version 16
VisualStudioVersion = 16.0.33328.57
MinimumVisualStudioVersion = 10.0.40219.1
Project("{FAE04EC0-301F-11D3-BF4B-00C04F79EFBC}") = "KpopZtationBackEnd", "KpopZtationBackEnd\KpopZtationBackEnd.csproj", "{8ECD3571-22DC-4375-8349-D6CD33DAD5AE}"
EndProject
Project("{FAE04EC0-301F-11D3-BF4B-00C04F79EFBC}") = "KpopZtationFrontEnd", "KpopZtationFrontEnd\KpopZtationFrontEnd.csproj", "{285A4F8A-E543-495D-8DDC-9BE47067E3F7}"
EndProject
Global
	GlobalSection(SolutionConfigurationPlatforms) = preSolution
		Debug|Any CPU = Debug|Any CPU
		Release|Any CPU = Release|Any CPU
	EndGlobalSection
	GlobalSection(ProjectConfigurationPlatforms) = postSolution
		{8ECD3571-22DC-4375-8349-D6CD33DAD5AE}.Debug|Any CPU.ActiveCfg = Debug|Any CPU
		{8ECD3571-22DC-4375-8349-D6CD33DAD5AE}.Debug|Any CPU.Build.0 = Debug|Any CPU
		{8ECD3571-22DC-4375-8349-D6CD33DAD5AE}.Release|Any CPU.ActiveCfg = Release|Any CPU
		{8ECD3571-22DC-4375-8349-D6CD33DAD5AE}.Release|Any CPU.Build.0 = Release|Any CPU
		{285A4F8A-E543-495D-8DDC-9BE47067E3F7}.Debug|Any CPU.ActiveCfg = Debug|Any CPU
		{285A4F8A-E543-495D-8DDC-9BE47067E3F7}.Debug|Any CPU.Build.0 = Debug|Any CPU
		{285A4F8A-E543-495D-8DDC-9BE47067E3F7}.Release|Any CPU.ActiveCfg = Release|Any CPU
		{285A4F8A-E543-495D-8DDC-9BE47067E3F7}.Release|Any CPU.Build.0 = Release|Any CPU
	EndGlobalSection
	GlobalSection(SolutionProperties) = preSolution
		HideSolutionNode = FALSE
	EndGlobalSection
	GlobalSection(ExtensibilityGlobals) = postSolution
		SolutionGuid = {6F2B062E-92EE-4A1F-8ACB-7E86D83845BB}
	EndGlobalSection
EndGlobal
